# @generated by Move, please check-in and do not edit manually.

[move]
version = 3
manifest_digest = "6043CD3B8EF48F15E2D976F678CF422F276F7BC1569FF2081C6588D4F1F82AA2"
deps_digest = "F8BBB0CCB2491CA29A3DF03D6F92277A4F3574266507ACD77214D37ECA3F3082"
dependencies = [
  { id = "Sui", name = "Sui" },
]

[[move.package]]
id = "MoveStdlib"
source = { git = "https://github.com/MystenLabs/sui.git", rev = "framework/testnet", subdir = "crates/sui-framework/packages/move-stdlib" }

[[move.package]]
id = "Sui"
source = { git = "https://github.com/MystenLabs/sui.git", rev = "framework/testnet", subdir = "crates/sui-framework/packages/sui-framework" }

dependencies = [
  { id = "MoveStdlib", name = "MoveStdlib" },
]

[move.toolchain-version]
compiler-version = "1.37.1"
edition = "2024.beta"
flavor = "sui"

[env]

[env.testnet]
chain-id = "4c78adac"
original-published-id = "0x94ba4b55545790295ba74bd4296a470ef0dfe6a49fcb29eef5eccb6b9cef661b"
latest-published-id = "0x94ba4b55545790295ba74bd4296a470ef0dfe6a49fcb29eef5eccb6b9cef661b"
published-version = "1"
